
Microsoft Visual Studio Solution File, Format Version 12.00
# Visual Studio Version 17
VisualStudioVersion = 17.0.31903.59
MinimumVisualStudioVersion = 10.0.40219.1
Project("{2150E333-8FDC-42A3-9474-1A3956D46DE8}") = "src", "src", "{F746071D-DCB4-4998-95BC-A7ECF024383D}"
EndProject
Project("{9A19103F-16F7-4668-BE54-9A1E7A4F7556}") = "BMS.CoreBusiness", "src\BMS.CoreBusiness\BMS.CoreBusiness.csproj", "{E47DED80-F2C5-47B4-A5AD-44AC180D8F2E}"
EndProject
Project("{9A19103F-16F7-4668-BE54-9A1E7A4F7556}") = "BMS.UseCases", "src\BMS.UseCases\BMS.UseCases.csproj", "{6409CFDB-CD5E-48EA-8F76-A6763D83DD71}"
EndProject
Project("{2150E333-8FDC-42A3-9474-1A3956D46DE8}") = "BMS.Plugins", "BMS.Plugins", "{721E318A-3CB4-4942-BEE2-EF7A5A9F8A1A}"
EndProject
Project("{9A19103F-16F7-4668-BE54-9A1E7A4F7556}") = "BMS.Plugins.EFCore", "src\BMS.Plugins\BMS.Plugins.EFCore\BMS.Plugins.EFCore.csproj", "{7A7FE22C-99DE-4EA4-96FD-BC066C86D3C7}"
EndProject
Project("{9A19103F-16F7-4668-BE54-9A1E7A4F7556}") = "BMS.BlazorWebApp", "src\BMS.BlazorWebApp\BMS.BlazorWebApp.csproj", "{8D08B981-A186-44C6-B20B-51DD6A0B246C}"
EndProject
Global
	GlobalSection(SolutionConfigurationPlatforms) = preSolution
		Debug|Any CPU = Debug|Any CPU
		Release|Any CPU = Release|Any CPU
	EndGlobalSection
	GlobalSection(ProjectConfigurationPlatforms) = postSolution
		{E47DED80-F2C5-47B4-A5AD-44AC180D8F2E}.Debug|Any CPU.ActiveCfg = Debug|Any CPU
		{E47DED80-F2C5-47B4-A5AD-44AC180D8F2E}.Debug|Any CPU.Build.0 = Debug|Any CPU
		{E47DED80-F2C5-47B4-A5AD-44AC180D8F2E}.Release|Any CPU.ActiveCfg = Release|Any CPU
		{E47DED80-F2C5-47B4-A5AD-44AC180D8F2E}.Release|Any CPU.Build.0 = Release|Any CPU
		{6409CFDB-CD5E-48EA-8F76-A6763D83DD71}.Debug|Any CPU.ActiveCfg = Debug|Any CPU
		{6409CFDB-CD5E-48EA-8F76-A6763D83DD71}.Debug|Any CPU.Build.0 = Debug|Any CPU
		{6409CFDB-CD5E-48EA-8F76-A6763D83DD71}.Release|Any CPU.ActiveCfg = Release|Any CPU
		{6409CFDB-CD5E-48EA-8F76-A6763D83DD71}.Release|Any CPU.Build.0 = Release|Any CPU
		{7A7FE22C-99DE-4EA4-96FD-BC066C86D3C7}.Debug|Any CPU.ActiveCfg = Debug|Any CPU
		{7A7FE22C-99DE-4EA4-96FD-BC066C86D3C7}.Debug|Any CPU.Build.0 = Debug|Any CPU
		{7A7FE22C-99DE-4EA4-96FD-BC066C86D3C7}.Release|Any CPU.ActiveCfg = Release|Any CPU
		{7A7FE22C-99DE-4EA4-96FD-BC066C86D3C7}.Release|Any CPU.Build.0 = Release|Any CPU
		{8D08B981-A186-44C6-B20B-51DD6A0B246C}.Debug|Any CPU.ActiveCfg = Debug|Any CPU
		{8D08B981-A186-44C6-B20B-51DD6A0B246C}.Debug|Any CPU.Build.0 = Debug|Any CPU
		{8D08B981-A186-44C6-B20B-51DD6A0B246C}.Release|Any CPU.ActiveCfg = Release|Any CPU
		{8D08B981-A186-44C6-B20B-51DD6A0B246C}.Release|Any CPU.Build.0 = Release|Any CPU
	EndGlobalSection
	GlobalSection(SolutionProperties) = preSolution
		HideSolutionNode = FALSE
	EndGlobalSection
	GlobalSection(NestedProjects) = preSolution
		{E47DED80-F2C5-47B4-A5AD-44AC180D8F2E} = {F746071D-DCB4-4998-95BC-A7ECF024383D}
		{6409CFDB-CD5E-48EA-8F76-A6763D83DD71} = {F746071D-DCB4-4998-95BC-A7ECF024383D}
		{721E318A-3CB4-4942-BEE2-EF7A5A9F8A1A} = {F746071D-DCB4-4998-95BC-A7ECF024383D}
		{7A7FE22C-99DE-4EA4-96FD-BC066C86D3C7} = {721E318A-3CB4-4942-BEE2-EF7A5A9F8A1A}
		{8D08B981-A186-44C6-B20B-51DD6A0B246C} = {F746071D-DCB4-4998-95BC-A7ECF024383D}
	EndGlobalSection
	GlobalSection(ExtensibilityGlobals) = postSolution
		SolutionGuid = {70230616-33DF-40AF-AC75-68768A995B01}
	EndGlobalSection
EndGlobal
