
Microsoft Visual Studio Solution File, Format Version 12.00
# Visual Studio Version 17
VisualStudioVersion = 17.0.31903.59
MinimumVisualStudioVersion = 10.0.40219.1
Project("{2150E333-8FDC-42A3-9474-1A3956D46DE8}") = "src", "src", "{12264FD0-1089-4A44-A56D-3F7714E3F92D}"
EndProject
Project("{FAE04EC0-301F-11D3-BF4B-00C04F79EFBC}") = "DevelopmentApp", "src\DevelopmentApp\DevelopmentApp.csproj", "{95EADB2E-2BBE-43C1-8D61-7433CDD6CB46}"
EndProject
Global
	GlobalSection(SolutionConfigurationPlatforms) = preSolution
		Debug|Any CPU = Debug|Any CPU
		Release|Any CPU = Release|Any CPU
	EndGlobalSection
	GlobalSection(SolutionProperties) = preSolution
		HideSolutionNode = FALSE
	EndGlobalSection
	GlobalSection(ProjectConfigurationPlatforms) = postSolution
		{95EADB2E-2BBE-43C1-8D61-7433CDD6CB46}.Debug|Any CPU.ActiveCfg = Debug|Any CPU
		{95EADB2E-2BBE-43C1-8D61-7433CDD6CB46}.Debug|Any CPU.Build.0 = Debug|Any CPU
		{95EADB2E-2BBE-43C1-8D61-7433CDD6CB46}.Release|Any CPU.ActiveCfg = Release|Any CPU
		{95EADB2E-2BBE-43C1-8D61-7433CDD6CB46}.Release|Any CPU.Build.0 = Release|Any CPU
	EndGlobalSection
	GlobalSection(NestedProjects) = preSolution
		{95EADB2E-2BBE-43C1-8D61-7433CDD6CB46} = {12264FD0-1089-4A44-A56D-3F7714E3F92D}
	EndGlobalSection
EndGlobal
